
Microsoft Visual Studio Solution File, Format Version 12.00
# Visual Studio Version 16
VisualStudioVersion = 16.0.30011.22
MinimumVisualStudioVersion = 10.0.40219.1
Project("{FAE04EC0-301F-11D3-BF4B-00C04F79EFBC}") = "cx-auto-sign", "cx-auto-sign\cx-auto-sign.csproj", "{7D5A1B2D-2A90-4663-B2AF-F672E7602524}"
EndProject
Global
	GlobalSection(SolutionConfigurationPlatforms) = preSolution
		Debug|Any CPU = Debug|Any CPU
		Release|Any CPU = Release|Any CPU
	EndGlobalSection
	GlobalSection(ProjectConfigurationPlatforms) = postSolution
		{7D5A1B2D-2A90-4663-B2AF-F672E7602524}.Debug|Any CPU.ActiveCfg = Debug|Any CPU
		{7D5A1B2D-2A90-4663-B2AF-F672E7602524}.Debug|Any CPU.Build.0 = Debug|Any CPU
		{7D5A1B2D-2A90-4663-B2AF-F672E7602524}.Release|Any CPU.ActiveCfg = Release|Any CPU
		{7D5A1B2D-2A90-4663-B2AF-F672E7602524}.Release|Any CPU.Build.0 = Release|Any CPU
	EndGlobalSection
	GlobalSection(SolutionProperties) = preSolution
		HideSolutionNode = FALSE
	EndGlobalSection
	GlobalSection(ExtensibilityGlobals) = postSolution
		SolutionGuid = {627DE1FA-1490-4BF2-BCD8-3CB080911FD4}
	EndGlobalSection
EndGlobal
